<?xml version="1.0" encoding="utf-8"?>
<Project ToolsVersion="4.0" xmlns="http://schemas.microsoft.com/developer/msbuild/2003">
  <ItemGroup>
    <ClCompile Include="src\Blob.cpp" />
    <ClCompile Include="src\main.cpp" />
    <ClCompile Include="src\ofApp.cpp" />
    <ClCompile Include="src\Particle.cpp" />
    <ClCompile Include="src\Tests.cpp" />
    <ClCompile Include="src\Vector3D.cpp" />
    <ClCompile Include="src\Collisions\BlobCollisionHandler.cpp">
      <Filter>Collisions</Filter>
    </ClCompile>
    <ClCompile Include="src\Collisions\Cable.cpp">
      <Filter>Collisions</Filter>
    </ClCompile>
    <ClCompile Include="src\Collisions\Collision.cpp">
      <Filter>Collisions</Filter>
    </ClCompile>
    <ClCompile Include="src\Collisions\CollisionHandler.cpp">
      <Filter>Collisions</Filter>
    </ClCompile>
    <ClCompile Include="src\Collisions\Spindle.cpp">
      <Filter>Collisions</Filter>
    </ClCompile>
    <ClCompile Include="src\Forces\ElasticParticleParticle.cpp">
      <Filter>Forces</Filter>
    </ClCompile>
    <ClCompile Include="src\Forces\ElasticParticlePoint.cpp">
      <Filter>Forces</Filter>
    </ClCompile>
    <ClCompile Include="src\Forces\ParticleDeplacement.cpp">
      <Filter>Forces</Filter>
    </ClCompile>
    <ClCompile Include="src\Forces\ParticleForceGenerator.cpp">
      <Filter>Forces</Filter>
    </ClCompile>
    <ClCompile Include="src\Forces\ParticleForceRegistry.cpp">
      <Filter>Forces</Filter>
    </ClCompile>
    <ClCompile Include="src\Forces\ParticleFriction.cpp">
      <Filter>Forces</Filter>
    </ClCompile>
    <ClCompile Include="src\Forces\ParticleGravity.cpp">
      <Filter>Forces</Filter>
    </ClCompile>
    <ClCompile Include="src\Forces\SpringParticleParticle.cpp">
      <Filter>Forces</Filter>
    </ClCompile>
    <ClCompile Include="src\Forces\SpringParticlePoint.cpp">
      <Filter>Forces</Filter>
    </ClCompile>
    <ClCompile Include="src\Matrix3.cpp" />
  </ItemGroup>
  <ItemGroup>
    <ClInclude Include="src\Blob.h" />
    <ClInclude Include="src\ofApp.h" />
    <ClInclude Include="src\Particle.h" />
    <ClInclude Include="src\Tests.h" />
    <ClInclude Include="src\Vector3D.h" />
    <ClInclude Include="src\Collisions\BlobCollisionHandler.h">
      <Filter>Collisions</Filter>
    </ClInclude>
    <ClInclude Include="src\Collisions\Cable.h">
      <Filter>Collisions</Filter>
    </ClInclude>
    <ClInclude Include="src\Collisions\Collision.h">
      <Filter>Collisions</Filter>
    </ClInclude>
    <ClInclude Include="src\Collisions\CollisionHandler.h">
      <Filter>Collisions</Filter>
    </ClInclude>
    <ClInclude Include="src\Collisions\Spindle.h">
      <Filter>Collisions</Filter>
    </ClInclude>
    <ClInclude Include="src\Forces\ElasticParticleParticle.h">
      <Filter>Forces</Filter>
    </ClInclude>
    <ClInclude Include="src\Forces\ElasticParticlePoint.h">
      <Filter>Forces</Filter>
    </ClInclude>
    <ClInclude Include="src\Forces\ParticleDeplacement.h">
      <Filter>Forces</Filter>
    </ClInclude>
    <ClInclude Include="src\Forces\ParticleForceGenerator.h">
      <Filter>Forces</Filter>
    </ClInclude>
    <ClInclude Include="src\Forces\ParticleForceRegistry.h">
      <Filter>Forces</Filter>
    </ClInclude>
    <ClInclude Include="src\Forces\ParticleFriction.h">
      <Filter>Forces</Filter>
    </ClInclude>
    <ClInclude Include="src\Forces\ParticleGravity.h">
      <Filter>Forces</Filter>
    </ClInclude>
    <ClInclude Include="src\Forces\SpringParticleParticle.h">
      <Filter>Forces</Filter>
    </ClInclude>
    <ClInclude Include="src\Forces\SpringParticlePoint.h">
      <Filter>Forces</Filter>
    </ClInclude>
    <ClInclude Include="src\Matrix3.h" />
  </ItemGroup>
  <ItemGroup>
    <Filter Include="Collisions">
      <UniqueIdentifier>{38ef6c71-05b6-4ba7-b62e-79d4c054d01f}</UniqueIdentifier>
    </Filter>
    <Filter Include="Forces">
      <UniqueIdentifier>{8adf9303-1a2d-4f41-ae39-863a6b40b485}</UniqueIdentifier>
    </Filter>
  </ItemGroup>
</Project>